// !$*UTF8*$!
{
	archiveVersion = 1;
	classes = {
	};
	objectVersion = 50;
	objects = {

/* Begin PBXBuildFile section */
		DDD7717723506F2700EA7508 /* AppDelegate.swift in Sources */ = {isa = PBXBuildFile; fileRef = DDD7717623506F2700EA7508 /* AppDelegate.swift */; };
		DDD7717E23506F2700EA7508 /* Main.storyboard in Resources */ = {isa = PBXBuildFile; fileRef = DDD7717C23506F2700EA7508 /* Main.storyboard */; };
		DDD7718023506F2B00EA7508 /* Assets.xcassets in Resources */ = {isa = PBXBuildFile; fileRef = DDD7717F23506F2B00EA7508 /* Assets.xcassets */; };
		DDD7718323506F2B00EA7508 /* LaunchScreen.storyboard in Resources */ = {isa = PBXBuildFile; fileRef = DDD7718123506F2B00EA7508 /* LaunchScreen.storyboard */; };
		DDD7718D23506F8200EA7508 /* Notes.swift in Sources */ = {isa = PBXBuildFile; fileRef = DDD7718A23506F8200EA7508 /* Notes.swift */; };
		DDD7718E23506F8200EA7508 /* Notes Model.swift in Sources */ = {isa = PBXBuildFile; fileRef = DDD7718B23506F8200EA7508 /* Notes Model.swift */; };
		DDD7718F23506F8200EA7508 /* Single Note Controller.swift in Sources */ = {isa = PBXBuildFile; fileRef = DDD7718C23506F8200EA7508 /* Single Note Controller.swift */; };
		DDD7719123506F8F00EA7508 /* Animations.swift in Sources */ = {isa = PBXBuildFile; fileRef = DDD7719023506F8F00EA7508 /* Animations.swift */; };
		DDD7719323506FBE00EA7508 /* SceneDelegate.swift in Sources */ = {isa = PBXBuildFile; fileRef = DDD7719223506FBE00EA7508 /* SceneDelegate.swift */; };
		DDD77195235072A500EA7508 /* ScreenShots in Resources */ = {isa = PBXBuildFile; fileRef = DDD77194235072A500EA7508 /* ScreenShots */; };
/* End PBXBuildFile section */

/* Begin PBXFileReference section */
		DDD7717323506F2700EA7508 /* Notes.app */ = {isa = PBXFileReference; explicitFileType = wrapper.application; includeInIndex = 0; path = Notes.app; sourceTree = BUILT_PRODUCTS_DIR; };
		DDD7717623506F2700EA7508 /* AppDelegate.swift */ = {isa = PBXFileReference; lastKnownFileType = sourcecode.swift; path = AppDelegate.swift; sourceTree = "<group>"; };
		DDD7717D23506F2700EA7508 /* Base */ = {isa = PBXFileReference; lastKnownFileType = file.storyboard; name = Base; path = Base.lproj/Main.storyboard; sourceTree = "<group>"; };
		DDD7717F23506F2B00EA7508 /* Assets.xcassets */ = {isa = PBXFileReference; lastKnownFileType = folder.assetcatalog; path = Assets.xcassets; sourceTree = "<group>"; };
		DDD7718223506F2B00EA7508 /* Base */ = {isa = PBXFileReference; lastKnownFileType = file.storyboard; name = Base; path = Base.lproj/LaunchScreen.storyboard; sourceTree = "<group>"; };
		DDD7718423506F2B00EA7508 /* Info.plist */ = {isa = PBXFileReference; lastKnownFileType = text.plist.xml; path = Info.plist; sourceTree = "<group>"; };
		DDD7718A23506F8200EA7508 /* Notes.swift */ = {isa = PBXFileReference; fileEncoding = 4; lastKnownFileType = sourcecode.swift; path = Notes.swift; sourceTree = "<group>"; };
		DDD7718B23506F8200EA7508 /* Notes Model.swift */ = {isa = PBXFileReference; fileEncoding = 4; lastKnownFileType = sourcecode.swift; path = "Notes Model.swift"; sourceTree = "<group>"; };
		DDD7718C23506F8200EA7508 /* Single Note Controller.swift */ = {isa = PBXFileReference; fileEncoding = 4; lastKnownFileType = sourcecode.swift; path = "Single Note Controller.swift"; sourceTree = "<group>"; };
		DDD7719023506F8F00EA7508 /* Animations.swift */ = {isa = PBXFileReference; fileEncoding = 4; lastKnownFileType = sourcecode.swift; path = Animations.swift; sourceTree = "<group>"; };
		DDD7719223506FBE00EA7508 /* SceneDelegate.swift */ = {isa = PBXFileReference; fileEncoding = 4; lastKnownFileType = sourcecode.swift; path = SceneDelegate.swift; sourceTree = "<group>"; };
		DDD77194235072A500EA7508 /* ScreenShots */ = {isa = PBXFileReference; lastKnownFileType = folder; path = ScreenShots; sourceTree = "<group>"; };
/* End PBXFileReference section */

/* Begin PBXFrameworksBuildPhase section */
		DDD7717023506F2700EA7508 /* Frameworks */ = {
			isa = PBXFrameworksBuildPhase;
			buildActionMask = 2147483647;
			files = (
			);
			runOnlyForDeploymentPostprocessing = 0;
		};
/* End PBXFrameworksBuildPhase section */

/* Begin PBXGroup section */
		DDD7716A23506F2700EA7508 = {
			isa = PBXGroup;
			children = (
				DDD77194235072A500EA7508 /* ScreenShots */,
				DDD7717523506F2700EA7508 /* Notes */,
				DDD7717423506F2700EA7508 /* Products */,
			);
			sourceTree = "<group>";
		};
		DDD7717423506F2700EA7508 /* Products */ = {
			isa = PBXGroup;
			children = (
				DDD7717323506F2700EA7508 /* Notes.app */,
			);
			name = Products;
			sourceTree = "<group>";
		};
		DDD7717523506F2700EA7508 /* Notes */ = {
			isa = PBXGroup;
			children = (
				DDD7717623506F2700EA7508 /* AppDelegate.swift */,
				DDD7719223506FBE00EA7508 /* SceneDelegate.swift */,
				DDD7719023506F8F00EA7508 /* Animations.swift */,
				DDD7718B23506F8200EA7508 /* Notes Model.swift */,
				DDD7718A23506F8200EA7508 /* Notes.swift */,
				DDD7718C23506F8200EA7508 /* Single Note Controller.swift */,
				DDD7717C23506F2700EA7508 /* Main.storyboard */,
				DDD7717F23506F2B00EA7508 /* Assets.xcassets */,
				DDD7718123506F2B00EA7508 /* LaunchScreen.storyboard */,
				DDD7718423506F2B00EA7508 /* Info.plist */,
			);
			path = Notes;
			sourceTree = "<group>";
		};
/* End PBXGroup section */

/* Begin PBXNativeTarget section */
		DDD7717223506F2700EA7508 /* Notes */ = {
			isa = PBXNativeTarget;
			buildConfigurationList = DDD7718723506F2B00EA7508 /* Build configuration list for PBXNativeTarget "Notes" */;
			buildPhases = (
				DDD7716F23506F2700EA7508 /* Sources */,
				DDD7717023506F2700EA7508 /* Frameworks */,
				DDD7717123506F2700EA7508 /* Resources */,
			);
			buildRules = (
			);
			dependencies = (
			);
			name = Notes;
			productName = Notes;
			productReference = DDD7717323506F2700EA7508 /* Notes.app */;
			productType = "com.apple.product-type.application";
		};
/* End PBXNativeTarget section */

/* Begin PBXProject section */
		DDD7716B23506F2700EA7508 /* Project object */ = {
			isa = PBXProject;
			attributes = {
				LastSwiftUpdateCheck = 1110;
				LastUpgradeCheck = 1110;
				ORGANIZATIONNAME = "Вадим Якимов";
				TargetAttributes = {
					DDD7717223506F2700EA7508 = {
						CreatedOnToolsVersion = 11.1;
					};
				};
			};
			buildConfigurationList = DDD7716E23506F2700EA7508 /* Build configuration list for PBXProject "Notes" */;
			compatibilityVersion = "Xcode 9.3";
			developmentRegion = en;
			hasScannedForEncodings = 0;
			knownRegions = (
				en,
				Base,
			);
			mainGroup = DDD7716A23506F2700EA7508;
			productRefGroup = DDD7717423506F2700EA7508 /* Products */;
			projectDirPath = "";
			projectRoot = "";
			targets = (
				DDD7717223506F2700EA7508 /* Notes */,
			);
		};
/* End PBXProject section */

/* Begin PBXResourcesBuildPhase section */
		DDD7717123506F2700EA7508 /* Resources */ = {
			isa = PBXResourcesBuildPhase;
			buildActionMask = 2147483647;
			files = (
				DDD77195235072A500EA7508 /* ScreenShots in Resources */,
				DDD7718323506F2B00EA7508 /* LaunchScreen.storyboard in Resources */,
				DDD7718023506F2B00EA7508 /* Assets.xcassets in Resources */,
				DDD7717E23506F2700EA7508 /* Main.storyboard in Resources */,
			);
			runOnlyForDeploymentPostprocessing = 0;
		};
/* End PBXResourcesBuildPhase section */

/* Begin PBXSourcesBuildPhase section */
		DDD7716F23506F2700EA7508 /* Sources */ = {
			isa = PBXSourcesBuildPhase;
			buildActionMask = 2147483647;
			files = (
				DDD7717723506F2700EA7508 /* AppDelegate.swift in Sources */,
				DDD7719123506F8F00EA7508 /* Animations.swift in Sources */,
				DDD7718E23506F8200EA7508 /* Notes Model.swift in Sources */,
				DDD7718D23506F8200EA7508 /* Notes.swift in Sources */,
				DDD7718F23506F8200EA7508 /* Single Note Controller.swift in Sources */,
				DDD7719323506FBE00EA7508 /* SceneDelegate.swift in Sources */,
			);
			runOnlyForDeploymentPostprocessing = 0;
		};
/* End PBXSourcesBuildPhase section */

/* Begin PBXVariantGroup section */
		DDD7717C23506F2700EA7508 /* Main.storyboard */ = {
			isa = PBXVariantGroup;
			children = (
				DDD7717D23506F2700EA7508 /* Base */,
			);
			name = Main.storyboard;
			sourceTree = "<group>";
		};
		DDD7718123506F2B00EA7508 /* LaunchScreen.storyboard */ = {
			isa = PBXVariantGroup;
			children = (
				DDD7718223506F2B00EA7508 /* Base */,
			);
			name = LaunchScreen.storyboard;
			sourceTree = "<group>";
		};
/* End PBXVariantGroup section */

/* Begin XCBuildConfiguration section */
		DDD7718523506F2B00EA7508 /* Debug */ = {
			isa = XCBuildConfiguration;
			buildSettings = {
				ALWAYS_SEARCH_USER_PATHS = NO;
				CLANG_ANALYZER_NONNULL = YES;
				CLANG_ANALYZER_NUMBER_OBJECT_CONVERSION = YES_AGGRESSIVE;
				CLANG_CXX_LANGUAGE_STANDARD = "gnu++14";
				CLANG_CXX_LIBRARY = "libc++";
				CLANG_ENABLE_MODULES = YES;
				CLANG_ENABLE_OBJC_ARC = YES;
				CLANG_ENABLE_OBJC_WEAK = YES;
				CLANG_WARN_BLOCK_CAPTURE_AUTORELEASING = YES;
				CLANG_WARN_BOOL_CONVERSION = YES;
				CLANG_WARN_COMMA = YES;
				CLANG_WARN_CONSTANT_CONVERSION = YES;
				CLANG_WARN_DEPRECATED_OBJC_IMPLEMENTATIONS = YES;
				CLANG_WARN_DIRECT_OBJC_ISA_USAGE = YES_ERROR;
				CLANG_WARN_DOCUMENTATION_COMMENTS = YES;
				CLANG_WARN_EMPTY_BODY = YES;
				CLANG_WARN_ENUM_CONVERSION = YES;
				CLANG_WARN_INFINITE_RECURSION = YES;
				CLANG_WARN_INT_CONVERSION = YES;
				CLANG_WARN_NON_LITERAL_NULL_CONVERSION = YES;
				CLANG_WARN_OBJC_IMPLICIT_RETAIN_SELF = YES;
				CLANG_WARN_OBJC_LITERAL_CONVERSION = YES;
				CLANG_WARN_OBJC_ROOT_CLASS = YES_ERROR;
				CLANG_WARN_RANGE_LOOP_ANALYSIS = YES;
				CLANG_WARN_STRICT_PROTOTYPES = YES;
				CLANG_WARN_SUSPICIOUS_MOVE = YES;
				CLANG_WARN_UNGUARDED_AVAILABILITY = YES_AGGRESSIVE;
				CLANG_WARN_UNREACHABLE_CODE = YES;
				CLANG_WARN__DUPLICATE_METHOD_MATCH = YES;
				COPY_PHASE_STRIP = NO;
				DEBUG_INFORMATION_FORMAT = dwarf;
				ENABLE_STRICT_OBJC_MSGSEND = YES;
				ENABLE_TESTABILITY = YES;
				GCC_C_LANGUAGE_STANDARD = gnu11;
				GCC_DYNAMIC_NO_PIC = NO;
				GCC_NO_COMMON_BLOCKS = YES;
				GCC_OPTIMIZATION_LEVEL = 0;
				GCC_PREPROCESSOR_DEFINITIONS = (
					"DEBUG=1",
					"$(inherited)",
				);
				GCC_WARN_64_TO_32_BIT_CONVERSION = YES;
				GCC_WARN_ABOUT_RETURN_TYPE = YES_ERROR;
				GCC_WARN_UNDECLARED_SELECTOR = YES;
				GCC_WARN_UNINITIALIZED_AUTOS = YES_AGGRESSIVE;
				GCC_WARN_UNUSED_FUNCTION = YES;
				GCC_WARN_UNUSED_VARIABLE = YES;
				IPHONEOS_DEPLOYMENT_TARGET = 13.1;
				MTL_ENABLE_DEBUG_INFO = INCLUDE_SOURCE;
				MTL_FAST_MATH = YES;
				ONLY_ACTIVE_ARCH = YES;
				SDKROOT = iphoneos;
				SWIFT_ACTIVE_COMPILATION_CONDITIONS = DEBUG;
				SWIFT_OPTIMIZATION_LEVEL = "-Onone";
			};
			name = Debug;
		};
		DDD7718623506F2B00EA7508 /* Release */ = {
			isa = XCBuildConfiguration;
			buildSettings = {
				ALWAYS_SEARCH_USER_PATHS = NO;
				CLANG_ANALYZER_NONNULL = YES;
				CLANG_ANALYZER_NUMBER_OBJECT_CONVERSION = YES_AGGRESSIVE;
				CLANG_CXX_LANGUAGE_STANDARD = "gnu++14";
				CLANG_CXX_LIBRARY = "libc++";
				CLANG_ENABLE_MODULES = YES;
				CLANG_ENABLE_OBJC_ARC = YES;
				CLANG_ENABLE_OBJC_WEAK = YES;
				CLANG_WARN_BLOCK_CAPTURE_AUTORELEASING = YES;
				CLANG_WARN_BOOL_CONVERSION = YES;
				CLANG_WARN_COMMA = YES;
				CLANG_WARN_CONSTANT_CONVERSION = YES;
				CLANG_WARN_DEPRECATED_OBJC_IMPLEMENTATIONS = YES;
				CLANG_WARN_DIRECT_OBJC_ISA_USAGE = YES_ERROR;
				CLANG_WARN_DOCUMENTATION_COMMENTS = YES;
				CLANG_WARN_EMPTY_BODY = YES;
				CLANG_WARN_ENUM_CONVERSION = YES;
				CLANG_WARN_INFINITE_RECURSION = YES;
				CLANG_WARN_INT_CONVERSION = YES;
				CLANG_WARN_NON_LITERAL_NULL_CONVERSION = YES;
				CLANG_WARN_OBJC_IMPLICIT_RETAIN_SELF = YES;
				CLANG_WARN_OBJC_LITERAL_CONVERSION = YES;
				CLANG_WARN_OBJC_ROOT_CLASS = YES_ERROR;
				CLANG_WARN_RANGE_LOOP_ANALYSIS = YES;
				CLANG_WARN_STRICT_PROTOTYPES = YES;
				CLANG_WARN_SUSPICIOUS_MOVE = YES;
				CLANG_WARN_UNGUARDED_AVAILABILITY = YES_AGGRESSIVE;
				CLANG_WARN_UNREACHABLE_CODE = YES;
				CLANG_WARN__DUPLICATE_METHOD_MATCH = YES;
				COPY_PHASE_STRIP = NO;
				DEBUG_INFORMATION_FORMAT = "dwarf-with-dsym";
				ENABLE_NS_ASSERTIONS = NO;
				ENABLE_STRICT_OBJC_MSGSEND = YES;
				GCC_C_LANGUAGE_STANDARD = gnu11;
				GCC_NO_COMMON_BLOCKS = YES;
				GCC_WARN_64_TO_32_BIT_CONVERSION = YES;
				GCC_WARN_ABOUT_RETURN_TYPE = YES_ERROR;
				GCC_WARN_UNDECLARED_SELECTOR = YES;
				GCC_WARN_UNINITIALIZED_AUTOS = YES_AGGRESSIVE;
				GCC_WARN_UNUSED_FUNCTION = YES;
				GCC_WARN_UNUSED_VARIABLE = YES;
				IPHONEOS_DEPLOYMENT_TARGET = 13.1;
				MTL_ENABLE_DEBUG_INFO = NO;
				MTL_FAST_MATH = YES;
				SDKROOT = iphoneos;
				SWIFT_COMPILATION_MODE = wholemodule;
				SWIFT_OPTIMIZATION_LEVEL = "-O";
				VALIDATE_PRODUCT = YES;
			};
			name = Release;
		};
		DDD7718823506F2B00EA7508 /* Debug */ = {
			isa = XCBuildConfiguration;
			buildSettings = {
				ASSETCATALOG_COMPILER_APPICON_NAME = AppIcon;
				CODE_SIGN_STYLE = Automatic;
				DEVELOPMENT_TEAM = MZNY672VY8;
				INFOPLIST_FILE = Notes/Info.plist;
				LD_RUNPATH_SEARCH_PATHS = (
					"$(inherited)",
					"@executable_path/Frameworks",
				);
				PRODUCT_BUNDLE_IDENTIFIER = "Vadim-Yakimov.Notes";
				PRODUCT_NAME = "$(TARGET_NAME)";
				SWIFT_VERSION = 5.0;
				TARGETED_DEVICE_FAMILY = "1,2";
			};
			name = Debug;
		};
		DDD7718923506F2B00EA7508 /* Release */ = {
			isa = XCBuildConfiguration;
			buildSettings = {
				ASSETCATALOG_COMPILER_APPICON_NAME = AppIcon;
				CODE_SIGN_STYLE = Automatic;
				DEVELOPMENT_TEAM = MZNY672VY8;
				INFOPLIST_FILE = Notes/Info.plist;
				LD_RUNPATH_SEARCH_PATHS = (
					"$(inherited)",
					"@executable_path/Frameworks",
				);
				PRODUCT_BUNDLE_IDENTIFIER = "Vadim-Yakimov.Notes";
				PRODUCT_NAME = "$(TARGET_NAME)";
				SWIFT_VERSION = 5.0;
				TARGETED_DEVICE_FAMILY = "1,2";
			};
			name = Release;
		};
/* End XCBuildConfiguration section */

/* Begin XCConfigurationList section */
		DDD7716E23506F2700EA7508 /* Build configuration list for PBXProject "Notes" */ = {
			isa = XCConfigurationList;
			buildConfigurations = (
				DDD7718523506F2B00EA7508 /* Debug */,
				DDD7718623506F2B00EA7508 /* Release */,
			);
			defaultConfigurationIsVisible = 0;
			defaultConfigurationName = Release;
		};
		DDD7718723506F2B00EA7508 /* Build configuration list for PBXNativeTarget "Notes" */ = {
			isa = XCConfigurationList;
			buildConfigurations = (
				DDD7718823506F2B00EA7508 /* Debug */,
				DDD7718923506F2B00EA7508 /* Release */,
			);
			defaultConfigurationIsVisible = 0;
			defaultConfigurationName = Release;
		};
/* End XCConfigurationList section */
	};
	rootObject = DDD7716B23506F2700EA7508 /* Project object */;
}
